
Microsoft Visual Studio Solution File, Format Version 12.00
# Visual Studio Version 16
VisualStudioVersion = 16.0.29001.49
MinimumVisualStudioVersion = 10.0.40219.1
Project("{FAE04EC0-301F-11D3-BF4B-00C04F79EFBC}") = "Секундомер-хронометраж", "Chronometer\Секундомер-хронометраж.csproj", "{4D75A5EC-DF54-4FD4-B73D-DCB0B45B84FF}"
EndProject
Project("{FAE04EC0-301F-11D3-BF4B-00C04F79EFBC}") = "Отчетность-хронометраж", "МодульПросмотраДанных\Отчетность-хронометраж.csproj", "{5269AC12-51F1-4BC3-B5DB-40DAD8336C55}"
EndProject
Global
	GlobalSection(SolutionConfigurationPlatforms) = preSolution
		Debug|Any CPU = Debug|Any CPU
		Release|Any CPU = Release|Any CPU
	EndGlobalSection
	GlobalSection(ProjectConfigurationPlatforms) = postSolution
		{4D75A5EC-DF54-4FD4-B73D-DCB0B45B84FF}.Debug|Any CPU.ActiveCfg = Debug|Any CPU
		{4D75A5EC-DF54-4FD4-B73D-DCB0B45B84FF}.Debug|Any CPU.Build.0 = Debug|Any CPU
		{4D75A5EC-DF54-4FD4-B73D-DCB0B45B84FF}.Release|Any CPU.ActiveCfg = Release|Any CPU
		{4D75A5EC-DF54-4FD4-B73D-DCB0B45B84FF}.Release|Any CPU.Build.0 = Release|Any CPU
		{5269AC12-51F1-4BC3-B5DB-40DAD8336C55}.Debug|Any CPU.ActiveCfg = Debug|Any CPU
		{5269AC12-51F1-4BC3-B5DB-40DAD8336C55}.Debug|Any CPU.Build.0 = Debug|Any CPU
		{5269AC12-51F1-4BC3-B5DB-40DAD8336C55}.Release|Any CPU.ActiveCfg = Release|Any CPU
		{5269AC12-51F1-4BC3-B5DB-40DAD8336C55}.Release|Any CPU.Build.0 = Release|Any CPU
	EndGlobalSection
	GlobalSection(SolutionProperties) = preSolution
		HideSolutionNode = FALSE
	EndGlobalSection
	GlobalSection(ExtensibilityGlobals) = postSolution
		SolutionGuid = {574AEF93-23B5-4720-8149-069CDB3CCEEC}
	EndGlobalSection
EndGlobal
